
Microsoft Visual Studio Solution File, Format Version 12.00
# Visual Studio Version 17
VisualStudioVersion = 17.6.33815.320
MinimumVisualStudioVersion = 10.0.40219.1
Project("{FAE04EC0-301F-11D3-BF4B-00C04F79EFBC}") = "Lab_Sheet_08", "Lab_Sheet_08.csproj", "{BCA4F980-A968-4C78-A09D-38A83CCA2D44}"
EndProject
Global
	GlobalSection(SolutionConfigurationPlatforms) = preSolution
		Debug|Any CPU = Debug|Any CPU
		Release|Any CPU = Release|Any CPU
	EndGlobalSection
	GlobalSection(ProjectConfigurationPlatforms) = postSolution
		{BCA4F980-A968-4C78-A09D-38A83CCA2D44}.Debug|Any CPU.ActiveCfg = Debug|Any CPU
		{BCA4F980-A968-4C78-A09D-38A83CCA2D44}.Debug|Any CPU.Build.0 = Debug|Any CPU
		{BCA4F980-A968-4C78-A09D-38A83CCA2D44}.Release|Any CPU.ActiveCfg = Release|Any CPU
		{BCA4F980-A968-4C78-A09D-38A83CCA2D44}.Release|Any CPU.Build.0 = Release|Any CPU
	EndGlobalSection
	GlobalSection(SolutionProperties) = preSolution
		HideSolutionNode = FALSE
	EndGlobalSection
	GlobalSection(ExtensibilityGlobals) = postSolution
		SolutionGuid = {5AD006BA-EBDE-47F9-B139-57D6CD71518C}
	EndGlobalSection
EndGlobal
